#
# This file is autogenerated by pip-compile with Python 3.13
# by the following command:
#
#    pip-compile --output-file=requirements.lock requirements.txt
#
--index-url https://pypi.tuna.tsinghua.edu.cn/simple

altgraph==0.17.5
    # via pyinstaller
packaging==26.1
    # via
    #   pyinstaller
    #   pyinstaller-hooks-contrib
pefile==2024.8.26
    # via
    #   -r requirements.txt
    #   pyinstaller
pyinstaller==6.19.0
    # via -r requirements.txt
pyinstaller-hooks-contrib==2026.4
    # via pyinstaller
pywin32==311
    # via -r requirements.txt
pywin32-ctypes==0.2.3
    # via pyinstaller

# The following packages are considered to be unsafe in a requirements file:
# setuptools
